
Microsoft Visual Studio Solution File, Format Version 12.00
# Visual Studio 2013
VisualStudioVersion = 12.0.40629.0
MinimumVisualStudioVersion = 10.0.40219.1
Project("{FAE04EC0-301F-11D3-BF4B-00C04F79EFBC}") = "Market.Entities", "Market.Entities\Market.Entities.csproj", "{D6031BB5-9AB7-4113-A289-0C79848BC9C5}"
EndProject
Project("{FAE04EC0-301F-11D3-BF4B-00C04F79EFBC}") = "Market.Data", "Market.Data\Market.Data.csproj", "{8F240AAF-36A9-41C1-87A3-7C9DE0CFB709}"
EndProject
Project("{FAE04EC0-301F-11D3-BF4B-00C04F79EFBC}") = "MarketAppTestUnit", "UnitTestProject1\MarketAppTestUnit.csproj", "{C38478AC-8F8D-412C-9B26-A02CB4B030F3}"
EndProject
Global
	GlobalSection(SolutionConfigurationPlatforms) = preSolution
		Debug|Any CPU = Debug|Any CPU
		Release|Any CPU = Release|Any CPU
	EndGlobalSection
	GlobalSection(ProjectConfigurationPlatforms) = postSolution
		{D6031BB5-9AB7-4113-A289-0C79848BC9C5}.Debug|Any CPU.ActiveCfg = Debug|Any CPU
		{D6031BB5-9AB7-4113-A289-0C79848BC9C5}.Debug|Any CPU.Build.0 = Debug|Any CPU
		{D6031BB5-9AB7-4113-A289-0C79848BC9C5}.Release|Any CPU.ActiveCfg = Release|Any CPU
		{D6031BB5-9AB7-4113-A289-0C79848BC9C5}.Release|Any CPU.Build.0 = Release|Any CPU
		{8F240AAF-36A9-41C1-87A3-7C9DE0CFB709}.Debug|Any CPU.ActiveCfg = Debug|Any CPU
		{8F240AAF-36A9-41C1-87A3-7C9DE0CFB709}.Debug|Any CPU.Build.0 = Debug|Any CPU
		{8F240AAF-36A9-41C1-87A3-7C9DE0CFB709}.Release|Any CPU.ActiveCfg = Release|Any CPU
		{8F240AAF-36A9-41C1-87A3-7C9DE0CFB709}.Release|Any CPU.Build.0 = Release|Any CPU
		{C38478AC-8F8D-412C-9B26-A02CB4B030F3}.Debug|Any CPU.ActiveCfg = Debug|Any CPU
		{C38478AC-8F8D-412C-9B26-A02CB4B030F3}.Debug|Any CPU.Build.0 = Debug|Any CPU
		{C38478AC-8F8D-412C-9B26-A02CB4B030F3}.Release|Any CPU.ActiveCfg = Release|Any CPU
		{C38478AC-8F8D-412C-9B26-A02CB4B030F3}.Release|Any CPU.Build.0 = Release|Any CPU
	EndGlobalSection
	GlobalSection(SolutionProperties) = preSolution
		HideSolutionNode = FALSE
	EndGlobalSection
EndGlobal
